// !$*UTF8*$!
{
	archiveVersion = 1;
	classes = {
	};
	objectVersion = 51;
	objects = {

/* Begin PBXBuildFile section */
		9F0F7294263ACC1C0089B813 /* Constant.swift in Sources */ = {isa = PBXBuildFile; fileRef = 9F0F7293263ACC1C0089B813 /* Constant.swift */; };
		9F0F72B9263AEF630089B813 /* UILabel-Extensions.swift in Sources */ = {isa = PBXBuildFile; fileRef = 9F0F72B8263AEF630089B813 /* UILabel-Extensions.swift */; };
		9F3B2284260898F100A930FD /* SettingViewController.swift in Sources */ = {isa = PBXBuildFile; fileRef = 9F3B2283260898F100A930FD /* SettingViewController.swift */; };
		9F3B228726089D0700A930FD /* SettingsViewTableCell.swift in Sources */ = {isa = PBXBuildFile; fileRef = 9F3B228626089D0700A930FD /* SettingsViewTableCell.swift */; };
		9F3B22A32608C71F00A930FD /* String-Extensions.swift in Sources */ = {isa = PBXBuildFile; fileRef = 9F3B22A22608C71F00A930FD /* String-Extensions.swift */; };
		9F3B22AE2608FA8400A930FD /* Tab.swift in Sources */ = {isa = PBXBuildFile; fileRef = 9F3B22AD2608FA8400A930FD /* Tab.swift */; };
		9F59359126A9F2B3001E9566 /* TabViewModel.swift in Sources */ = {isa = PBXBuildFile; fileRef = 9F59359026A9F2B3001E9566 /* TabViewModel.swift */; };
		9F73DF35263940E4005CE82A /* UIColor-Extensions.swift in Sources */ = {isa = PBXBuildFile; fileRef = 9F73DF34263940E4005CE82A /* UIColor-Extensions.swift */; };
		9F73DF3A263941FE005CE82A /* UIFont-Extensions.swift in Sources */ = {isa = PBXBuildFile; fileRef = 9F73DF39263941FE005CE82A /* UIFont-Extensions.swift */; };
		9F7732632631483800E44B71 /* Multilingual_NewsTests.swift in Sources */ = {isa = PBXBuildFile; fileRef = 9F7732622631483800E44B71 /* Multilingual_NewsTests.swift */; };
		9F7732732631484900E44B71 /* Multilingual_NewsUITests.swift in Sources */ = {isa = PBXBuildFile; fileRef = 9F7732722631484900E44B71 /* Multilingual_NewsUITests.swift */; };
		9F7732CD2631A98300E44B71 /* RealmLanguage.swift in Sources */ = {isa = PBXBuildFile; fileRef = 9F7732CC2631A98300E44B71 /* RealmLanguage.swift */; };
		9F7732DF2631AD8700E44B71 /* Language.swift in Sources */ = {isa = PBXBuildFile; fileRef = 9F7732DE2631AD8700E44B71 /* Language.swift */; };
		9F7732F22631B90800E44B71 /* RealmManagerTests.swift in Sources */ = {isa = PBXBuildFile; fileRef = 9F7732F12631B90800E44B71 /* RealmManagerTests.swift */; };
		9F83D4FF261DA4B7003FCDC3 /* .swiftlint.yml in Resources */ = {isa = PBXBuildFile; fileRef = 9F83D4FE261DA4B7003FCDC3 /* .swiftlint.yml */; };
		9F8F1B29263A9F8D00F2AE01 /* MainTabBarController.swift in Sources */ = {isa = PBXBuildFile; fileRef = 9F8F1B28263A9F8D00F2AE01 /* MainTabBarController.swift */; };
		9F9E4303260C64C900E16C34 /* RefreshManager.swift in Sources */ = {isa = PBXBuildFile; fileRef = 9F9E4302260C64C900E16C34 /* RefreshManager.swift */; };
		9FA480992632B8CE006D9C3F /* Setting.swift in Sources */ = {isa = PBXBuildFile; fileRef = 9FA480982632B8CE006D9C3F /* Setting.swift */; };
		9FA77FCE261203AF002566A1 /* APIManager.swift in Sources */ = {isa = PBXBuildFile; fileRef = 9FA77FCD261203AF002566A1 /* APIManager.swift */; };
		9FC0A3D526391F96006F36F6 /* UIView-Extensions.swift in Sources */ = {isa = PBXBuildFile; fileRef = 9FC0A3D426391F96006F36F6 /* UIView-Extensions.swift */; };
		9FC6E3172637C763001B8ECD /* API_KEY.swift in Sources */ = {isa = PBXBuildFile; fileRef = 9FC6E3162637C763001B8ECD /* API_KEY.swift */; };
		9FC6E3372637E152001B8ECD /* RealmLanguage-Extensions.swift in Sources */ = {isa = PBXBuildFile; fileRef = 9FC6E3362637E152001B8ECD /* RealmLanguage-Extensions.swift */; };
		9FCAD8C2261315F700F4965C /* RedHatDisplay-Medium.ttf in Resources */ = {isa = PBXBuildFile; fileRef = 9FCAD8BF261315F700F4965C /* RedHatDisplay-Medium.ttf */; };
		9FCAD8C3261315F700F4965C /* RedHatDisplay-Regular.ttf in Resources */ = {isa = PBXBuildFile; fileRef = 9FCAD8C0261315F700F4965C /* RedHatDisplay-Regular.ttf */; };
		9FCAD8C4261315F700F4965C /* RedHatDisplay-Bold.ttf in Resources */ = {isa = PBXBuildFile; fileRef = 9FCAD8C1261315F700F4965C /* RedHatDisplay-Bold.ttf */; };
		9FD24063260715C1003C2F2D /* AppDelegate.swift in Sources */ = {isa = PBXBuildFile; fileRef = 9FD24062260715C1003C2F2D /* AppDelegate.swift */; };
		9FD24065260715C1003C2F2D /* SceneDelegate.swift in Sources */ = {isa = PBXBuildFile; fileRef = 9FD24064260715C1003C2F2D /* SceneDelegate.swift */; };
		9FD24067260715C1003C2F2D /* MainViewController.swift in Sources */ = {isa = PBXBuildFile; fileRef = 9FD24066260715C1003C2F2D /* MainViewController.swift */; };
		9FD2406A260715C1003C2F2D /* Main.storyboard in Resources */ = {isa = PBXBuildFile; fileRef = 9FD24068260715C1003C2F2D /* Main.storyboard */; };
		9FD2406C260715C2003C2F2D /* Assets.xcassets in Resources */ = {isa = PBXBuildFile; fileRef = 9FD2406B260715C2003C2F2D /* Assets.xcassets */; };
		9FD2406F260715C2003C2F2D /* LaunchScreen.storyboard in Resources */ = {isa = PBXBuildFile; fileRef = 9FD2406D260715C2003C2F2D /* LaunchScreen.storyboard */; };
		9FD2408826072F22003C2F2D /* MainHeaderView.swift in Sources */ = {isa = PBXBuildFile; fileRef = 9FD2408726072F22003C2F2D /* MainHeaderView.swift */; };
		9FD2408D26073221003C2F2D /* TabsView.swift in Sources */ = {isa = PBXBuildFile; fileRef = 9FD2408C26073221003C2F2D /* TabsView.swift */; };
		9FD2409026073246003C2F2D /* TabCell.swift in Sources */ = {isa = PBXBuildFile; fileRef = 9FD2408F26073246003C2F2D /* TabCell.swift */; };
		9FD2409326073404003C2F2D /* TabsPageViewController.swift in Sources */ = {isa = PBXBuildFile; fileRef = 9FD2409226073404003C2F2D /* TabsPageViewController.swift */; };
		9FD240962607343B003C2F2D /* FirstNewsViewController.swift in Sources */ = {isa = PBXBuildFile; fileRef = 9FD240952607343B003C2F2D /* FirstNewsViewController.swift */; };
		9FD2409926073448003C2F2D /* SecondNewsViewController.swift in Sources */ = {isa = PBXBuildFile; fileRef = 9FD2409826073448003C2F2D /* SecondNewsViewController.swift */; };
		9FD2409C26073453003C2F2D /* ThirdNewsViewController.swift in Sources */ = {isa = PBXBuildFile; fileRef = 9FD2409B26073453003C2F2D /* ThirdNewsViewController.swift */; };
		9FD2409F26073462003C2F2D /* FourthNewsViewController.swift in Sources */ = {isa = PBXBuildFile; fileRef = 9FD2409E26073462003C2F2D /* FourthNewsViewController.swift */; };
		9FD240A826075C0A003C2F2D /* URLRequest-Extensions.swift in Sources */ = {isa = PBXBuildFile; fileRef = 9FD240A726075C0A003C2F2D /* URLRequest-Extensions.swift */; };
		9FD240AC26075C53003C2F2D /* Article.swift in Sources */ = {isa = PBXBuildFile; fileRef = 9FD240AB26075C53003C2F2D /* Article.swift */; };
		9FD240AF26075D33003C2F2D /* ArticleViewModel.swift in Sources */ = {isa = PBXBuildFile; fileRef = 9FD240AE26075D33003C2F2D /* ArticleViewModel.swift */; };
		9FD240B226075E29003C2F2D /* ArticleTableViewCell.swift in Sources */ = {isa = PBXBuildFile; fileRef = 9FD240B126075E29003C2F2D /* ArticleTableViewCell.swift */; };
		9FE44B33263A89DC00EDDAED /* IAPHandler.swift in Sources */ = {isa = PBXBuildFile; fileRef = 9FE44B32263A89DC00EDDAED /* IAPHandler.swift */; };
		9FE44B38263A8D5000EDDAED /* StoreKit.framework in Frameworks */ = {isa = PBXBuildFile; fileRef = 9FE44B37263A8D5000EDDAED /* StoreKit.framework */; };
		9FE44B4D263A98C600EDDAED /* IAPHandlerAlertType.swift in Sources */ = {isa = PBXBuildFile; fileRef = 9FE44B4C263A98C600EDDAED /* IAPHandlerAlertType.swift */; };
		9FE8B4352632FBC900DC87A8 /* RealmManager.swift in Sources */ = {isa = PBXBuildFile; fileRef = 9FE8B4342632FBC900DC87A8 /* RealmManager.swift */; };
		9FE91FBB26397B3400736E74 /* Reusable.swift in Sources */ = {isa = PBXBuildFile; fileRef = 9FE91FBA26397B3400736E74 /* Reusable.swift */; };
		9FE91FC026397BB200736E74 /* UITableView+Reusable.swift in Sources */ = {isa = PBXBuildFile; fileRef = 9FE91FBF26397BB200736E74 /* UITableView+Reusable.swift */; };
		9FE91FC8263981F900736E74 /* UICollectionView+Reusable.swift in Sources */ = {isa = PBXBuildFile; fileRef = 9FE91FC7263981F900736E74 /* UICollectionView+Reusable.swift */; };
		9FE92006263A59F400736E74 /* DonateViewController.swift in Sources */ = {isa = PBXBuildFile; fileRef = 9FE92005263A59F400736E74 /* DonateViewController.swift */; };
		9FE9205A263A626B00736E74 /* DonateTableView.swift in Sources */ = {isa = PBXBuildFile; fileRef = 9FE92059263A626B00736E74 /* DonateTableView.swift */; };
		9FE9205F263A629200736E74 /* DonateHeaderView.swift in Sources */ = {isa = PBXBuildFile; fileRef = 9FE9205E263A629200736E74 /* DonateHeaderView.swift */; };
		D3CE03E35A66726A01135D5E /* Pods_Multilingual_NewsTests.framework in Frameworks */ = {isa = PBXBuildFile; fileRef = AAAF4103E853C5AE9A059150 /* Pods_Multilingual_NewsTests.framework */; };
		F164218711162A4C25A77A9F /* Pods_Multilingual_News.framework in Frameworks */ = {isa = PBXBuildFile; fileRef = CC4D4A9F14D6C4517601BFE7 /* Pods_Multilingual_News.framework */; };
/* End PBXBuildFile section */

/* Begin PBXContainerItemProxy section */
		9F7732652631483800E44B71 /* PBXContainerItemProxy */ = {
			isa = PBXContainerItemProxy;
			containerPortal = 9FD24057260715C1003C2F2D /* Project object */;
			proxyType = 1;
			remoteGlobalIDString = 9FD2405E260715C1003C2F2D;
			remoteInfo = "Multilingual News";
		};
		9F7732752631484900E44B71 /* PBXContainerItemProxy */ = {
			isa = PBXContainerItemProxy;
			containerPortal = 9FD24057260715C1003C2F2D /* Project object */;
			proxyType = 1;
			remoteGlobalIDString = 9FD2405E260715C1003C2F2D;
			remoteInfo = "Multilingual News";
		};
/* End PBXContainerItemProxy section */

/* Begin PBXFileReference section */
		2F6ACFF8ECC5F2B18C8A3BBB /* Pods-Multilingual NewsTests.release.xcconfig */ = {isa = PBXFileReference; includeInIndex = 1; lastKnownFileType = text.xcconfig; name = "Pods-Multilingual NewsTests.release.xcconfig"; path = "Target Support Files/Pods-Multilingual NewsTests/Pods-Multilingual NewsTests.release.xcconfig"; sourceTree = "<group>"; };
		485ED3C3699E506307A3DE1F /* Pods-Multilingual News.debug.xcconfig */ = {isa = PBXFileReference; includeInIndex = 1; lastKnownFileType = text.xcconfig; name = "Pods-Multilingual News.debug.xcconfig"; path = "Target Support Files/Pods-Multilingual News/Pods-Multilingual News.debug.xcconfig"; sourceTree = "<group>"; };
		9F0F7293263ACC1C0089B813 /* Constant.swift */ = {isa = PBXFileReference; lastKnownFileType = sourcecode.swift; path = Constant.swift; sourceTree = "<group>"; };
		9F0F72B8263AEF630089B813 /* UILabel-Extensions.swift */ = {isa = PBXFileReference; lastKnownFileType = sourcecode.swift; path = "UILabel-Extensions.swift"; sourceTree = "<group>"; };
		9F3B2283260898F100A930FD /* SettingViewController.swift */ = {isa = PBXFileReference; lastKnownFileType = sourcecode.swift; path = SettingViewController.swift; sourceTree = "<group>"; };
		9F3B228626089D0700A930FD /* SettingsViewTableCell.swift */ = {isa = PBXFileReference; lastKnownFileType = sourcecode.swift; path = SettingsViewTableCell.swift; sourceTree = "<group>"; };
		9F3B22A22608C71F00A930FD /* String-Extensions.swift */ = {isa = PBXFileReference; lastKnownFileType = sourcecode.swift; path = "String-Extensions.swift"; sourceTree = "<group>"; };
		9F3B22AD2608FA8400A930FD /* Tab.swift */ = {isa = PBXFileReference; lastKnownFileType = sourcecode.swift; path = Tab.swift; sourceTree = "<group>"; };
		9F59359026A9F2B3001E9566 /* TabViewModel.swift */ = {isa = PBXFileReference; lastKnownFileType = sourcecode.swift; path = TabViewModel.swift; sourceTree = "<group>"; };
		9F73DF34263940E4005CE82A /* UIColor-Extensions.swift */ = {isa = PBXFileReference; lastKnownFileType = sourcecode.swift; path = "UIColor-Extensions.swift"; sourceTree = "<group>"; };
		9F73DF39263941FE005CE82A /* UIFont-Extensions.swift */ = {isa = PBXFileReference; lastKnownFileType = sourcecode.swift; path = "UIFont-Extensions.swift"; sourceTree = "<group>"; };
		9F7732602631483800E44B71 /* Multilingual NewsTests.xctest */ = {isa = PBXFileReference; explicitFileType = wrapper.cfbundle; includeInIndex = 0; path = "Multilingual NewsTests.xctest"; sourceTree = BUILT_PRODUCTS_DIR; };
		9F7732622631483800E44B71 /* Multilingual_NewsTests.swift */ = {isa = PBXFileReference; lastKnownFileType = sourcecode.swift; path = Multilingual_NewsTests.swift; sourceTree = "<group>"; };
		9F7732642631483800E44B71 /* Info.plist */ = {isa = PBXFileReference; lastKnownFileType = text.plist.xml; path = Info.plist; sourceTree = "<group>"; };
		9F7732702631484900E44B71 /* Multilingual NewsUITests.xctest */ = {isa = PBXFileReference; explicitFileType = wrapper.cfbundle; includeInIndex = 0; path = "Multilingual NewsUITests.xctest"; sourceTree = BUILT_PRODUCTS_DIR; };
		9F7732722631484900E44B71 /* Multilingual_NewsUITests.swift */ = {isa = PBXFileReference; lastKnownFileType = sourcecode.swift; path = Multilingual_NewsUITests.swift; sourceTree = "<group>"; };
		9F7732742631484900E44B71 /* Info.plist */ = {isa = PBXFileReference; lastKnownFileType = text.plist.xml; path = Info.plist; sourceTree = "<group>"; };
		9F7732CC2631A98300E44B71 /* RealmLanguage.swift */ = {isa = PBXFileReference; lastKnownFileType = sourcecode.swift; path = RealmLanguage.swift; sourceTree = "<group>"; };
		9F7732DE2631AD8700E44B71 /* Language.swift */ = {isa = PBXFileReference; lastKnownFileType = sourcecode.swift; path = Language.swift; sourceTree = "<group>"; };
		9F7732F12631B90800E44B71 /* RealmManagerTests.swift */ = {isa = PBXFileReference; lastKnownFileType = sourcecode.swift; path = RealmManagerTests.swift; sourceTree = "<group>"; };
		9F83D4FE261DA4B7003FCDC3 /* .swiftlint.yml */ = {isa = PBXFileReference; lastKnownFileType = text.yaml; path = .swiftlint.yml; sourceTree = "<group>"; };
		9F8F1B28263A9F8D00F2AE01 /* MainTabBarController.swift */ = {isa = PBXFileReference; lastKnownFileType = sourcecode.swift; path = MainTabBarController.swift; sourceTree = "<group>"; };
		9F9E4302260C64C900E16C34 /* RefreshManager.swift */ = {isa = PBXFileReference; lastKnownFileType = sourcecode.swift; path = RefreshManager.swift; sourceTree = "<group>"; };
		9FA480982632B8CE006D9C3F /* Setting.swift */ = {isa = PBXFileReference; lastKnownFileType = sourcecode.swift; path = Setting.swift; sourceTree = "<group>"; };
		9FA77FCD261203AF002566A1 /* APIManager.swift */ = {isa = PBXFileReference; lastKnownFileType = sourcecode.swift; path = APIManager.swift; sourceTree = "<group>"; };
		9FC0A3D426391F96006F36F6 /* UIView-Extensions.swift */ = {isa = PBXFileReference; lastKnownFileType = sourcecode.swift; path = "UIView-Extensions.swift"; sourceTree = "<group>"; };
		9FC6E3162637C763001B8ECD /* API_KEY.swift */ = {isa = PBXFileReference; lastKnownFileType = sourcecode.swift; path = API_KEY.swift; sourceTree = "<group>"; };
		9FC6E3362637E152001B8ECD /* RealmLanguage-Extensions.swift */ = {isa = PBXFileReference; lastKnownFileType = sourcecode.swift; path = "RealmLanguage-Extensions.swift"; sourceTree = "<group>"; };
		9FCAD8BF261315F700F4965C /* RedHatDisplay-Medium.ttf */ = {isa = PBXFileReference; lastKnownFileType = file; path = "RedHatDisplay-Medium.ttf"; sourceTree = "<group>"; };
		9FCAD8C0261315F700F4965C /* RedHatDisplay-Regular.ttf */ = {isa = PBXFileReference; lastKnownFileType = file; path = "RedHatDisplay-Regular.ttf"; sourceTree = "<group>"; };
		9FCAD8C1261315F700F4965C /* RedHatDisplay-Bold.ttf */ = {isa = PBXFileReference; lastKnownFileType = file; path = "RedHatDisplay-Bold.ttf"; sourceTree = "<group>"; };
		9FD2405F260715C1003C2F2D /* Multilingual News.app */ = {isa = PBXFileReference; explicitFileType = wrapper.application; includeInIndex = 0; path = "Multilingual News.app"; sourceTree = BUILT_PRODUCTS_DIR; };
		9FD24062260715C1003C2F2D /* AppDelegate.swift */ = {isa = PBXFileReference; lastKnownFileType = sourcecode.swift; path = AppDelegate.swift; sourceTree = "<group>"; };
		9FD24064260715C1003C2F2D /* SceneDelegate.swift */ = {isa = PBXFileReference; lastKnownFileType = sourcecode.swift; path = SceneDelegate.swift; sourceTree = "<group>"; };
		9FD24066260715C1003C2F2D /* MainViewController.swift */ = {isa = PBXFileReference; lastKnownFileType = sourcecode.swift; path = MainViewController.swift; sourceTree = "<group>"; };
		9FD24069260715C1003C2F2D /* Base */ = {isa = PBXFileReference; lastKnownFileType = file.storyboard; name = Base; path = Base.lproj/Main.storyboard; sourceTree = "<group>"; };
		9FD2406B260715C2003C2F2D /* Assets.xcassets */ = {isa = PBXFileReference; lastKnownFileType = folder.assetcatalog; path = Assets.xcassets; sourceTree = "<group>"; };
		9FD2406E260715C2003C2F2D /* Base */ = {isa = PBXFileReference; lastKnownFileType = file.storyboard; name = Base; path = Base.lproj/LaunchScreen.storyboard; sourceTree = "<group>"; };
		9FD24070260715C2003C2F2D /* Info.plist */ = {isa = PBXFileReference; lastKnownFileType = text.plist.xml; path = Info.plist; sourceTree = "<group>"; };
		9FD2408726072F22003C2F2D /* MainHeaderView.swift */ = {isa = PBXFileReference; lastKnownFileType = sourcecode.swift; path = MainHeaderView.swift; sourceTree = "<group>"; };
		9FD2408C26073221003C2F2D /* TabsView.swift */ = {isa = PBXFileReference; lastKnownFileType = sourcecode.swift; path = TabsView.swift; sourceTree = "<group>"; };
		9FD2408F26073246003C2F2D /* TabCell.swift */ = {isa = PBXFileReference; lastKnownFileType = sourcecode.swift; path = TabCell.swift; sourceTree = "<group>"; };
		9FD2409226073404003C2F2D /* TabsPageViewController.swift */ = {isa = PBXFileReference; lastKnownFileType = sourcecode.swift; path = TabsPageViewController.swift; sourceTree = "<group>"; };
		9FD240952607343B003C2F2D /* FirstNewsViewController.swift */ = {isa = PBXFileReference; lastKnownFileType = sourcecode.swift; path = FirstNewsViewController.swift; sourceTree = "<group>"; };
		9FD2409826073448003C2F2D /* SecondNewsViewController.swift */ = {isa = PBXFileReference; lastKnownFileType = sourcecode.swift; path = SecondNewsViewController.swift; sourceTree = "<group>"; };
		9FD2409B26073453003C2F2D /* ThirdNewsViewController.swift */ = {isa = PBXFileReference; lastKnownFileType = sourcecode.swift; path = ThirdNewsViewController.swift; sourceTree = "<group>"; };
		9FD2409E26073462003C2F2D /* FourthNewsViewController.swift */ = {isa = PBXFileReference; lastKnownFileType = sourcecode.swift; path = FourthNewsViewController.swift; sourceTree = "<group>"; };
		9FD240A726075C0A003C2F2D /* URLRequest-Extensions.swift */ = {isa = PBXFileReference; lastKnownFileType = sourcecode.swift; path = "URLRequest-Extensions.swift"; sourceTree = "<group>"; };
		9FD240AB26075C53003C2F2D /* Article.swift */ = {isa = PBXFileReference; lastKnownFileType = sourcecode.swift; path = Article.swift; sourceTree = "<group>"; };
		9FD240AE26075D33003C2F2D /* ArticleViewModel.swift */ = {isa = PBXFileReference; lastKnownFileType = sourcecode.swift; path = ArticleViewModel.swift; sourceTree = "<group>"; };
		9FD240B126075E29003C2F2D /* ArticleTableViewCell.swift */ = {isa = PBXFileReference; lastKnownFileType = sourcecode.swift; path = ArticleTableViewCell.swift; sourceTree = "<group>"; };
		9FE44B32263A89DC00EDDAED /* IAPHandler.swift */ = {isa = PBXFileReference; lastKnownFileType = sourcecode.swift; path = IAPHandler.swift; sourceTree = "<group>"; };
		9FE44B37263A8D5000EDDAED /* StoreKit.framework */ = {isa = PBXFileReference; lastKnownFileType = wrapper.framework; name = StoreKit.framework; path = System/Library/Frameworks/StoreKit.framework; sourceTree = SDKROOT; };
		9FE44B4C263A98C600EDDAED /* IAPHandlerAlertType.swift */ = {isa = PBXFileReference; lastKnownFileType = sourcecode.swift; path = IAPHandlerAlertType.swift; sourceTree = "<group>"; };
		9FE8B4342632FBC900DC87A8 /* RealmManager.swift */ = {isa = PBXFileReference; lastKnownFileType = sourcecode.swift; path = RealmManager.swift; sourceTree = "<group>"; };
		9FE91FBA26397B3400736E74 /* Reusable.swift */ = {isa = PBXFileReference; lastKnownFileType = sourcecode.swift; path = Reusable.swift; sourceTree = "<group>"; };
		9FE91FBF26397BB200736E74 /* UITableView+Reusable.swift */ = {isa = PBXFileReference; lastKnownFileType = sourcecode.swift; path = "UITableView+Reusable.swift"; sourceTree = "<group>"; };
		9FE91FC7263981F900736E74 /* UICollectionView+Reusable.swift */ = {isa = PBXFileReference; lastKnownFileType = sourcecode.swift; path = "UICollectionView+Reusable.swift"; sourceTree = "<group>"; };
		9FE92005263A59F400736E74 /* DonateViewController.swift */ = {isa = PBXFileReference; lastKnownFileType = sourcecode.swift; path = DonateViewController.swift; sourceTree = "<group>"; };
		9FE92059263A626B00736E74 /* DonateTableView.swift */ = {isa = PBXFileReference; lastKnownFileType = sourcecode.swift; path = DonateTableView.swift; sourceTree = "<group>"; };
		9FE9205E263A629200736E74 /* DonateHeaderView.swift */ = {isa = PBXFileReference; lastKnownFileType = sourcecode.swift; path = DonateHeaderView.swift; sourceTree = "<group>"; };
		A92475372859044295F0B619 /* Pods-Multilingual NewsTests.debug.xcconfig */ = {isa = PBXFileReference; includeInIndex = 1; lastKnownFileType = text.xcconfig; name = "Pods-Multilingual NewsTests.debug.xcconfig"; path = "Target Support Files/Pods-Multilingual NewsTests/Pods-Multilingual NewsTests.debug.xcconfig"; sourceTree = "<group>"; };
		AAAF4103E853C5AE9A059150 /* Pods_Multilingual_NewsTests.framework */ = {isa = PBXFileReference; explicitFileType = wrapper.framework; includeInIndex = 0; path = Pods_Multilingual_NewsTests.framework; sourceTree = BUILT_PRODUCTS_DIR; };
		CC4D4A9F14D6C4517601BFE7 /* Pods_Multilingual_News.framework */ = {isa = PBXFileReference; explicitFileType = wrapper.framework; includeInIndex = 0; path = Pods_Multilingual_News.framework; sourceTree = BUILT_PRODUCTS_DIR; };
		F3A5E4F1631E84B726A7EB5F /* Pods-Multilingual News.release.xcconfig */ = {isa = PBXFileReference; includeInIndex = 1; lastKnownFileType = text.xcconfig; name = "Pods-Multilingual News.release.xcconfig"; path = "Target Support Files/Pods-Multilingual News/Pods-Multilingual News.release.xcconfig"; sourceTree = "<group>"; };
/* End PBXFileReference section */

/* Begin PBXFrameworksBuildPhase section */
		9F77325D2631483800E44B71 /* Frameworks */ = {
			isa = PBXFrameworksBuildPhase;
			buildActionMask = 2147483647;
			files = (
				D3CE03E35A66726A01135D5E /* Pods_Multilingual_NewsTests.framework in Frameworks */,
			);
			runOnlyForDeploymentPostprocessing = 0;
		};
		9F77326D2631484900E44B71 /* Frameworks */ = {
			isa = PBXFrameworksBuildPhase;
			buildActionMask = 2147483647;
			files = (
			);
			runOnlyForDeploymentPostprocessing = 0;
		};
		9FD2405C260715C1003C2F2D /* Frameworks */ = {
			isa = PBXFrameworksBuildPhase;
			buildActionMask = 2147483647;
			files = (
				F164218711162A4C25A77A9F /* Pods_Multilingual_News.framework in Frameworks */,
				9FE44B38263A8D5000EDDAED /* StoreKit.framework in Frameworks */,
			);
			runOnlyForDeploymentPostprocessing = 0;
		};
/* End PBXFrameworksBuildPhase section */

/* Begin PBXGroup section */
		40ACE52E735C667236607C34 /* Pods */ = {
			isa = PBXGroup;
			children = (
				485ED3C3699E506307A3DE1F /* Pods-Multilingual News.debug.xcconfig */,
				F3A5E4F1631E84B726A7EB5F /* Pods-Multilingual News.release.xcconfig */,
				A92475372859044295F0B619 /* Pods-Multilingual NewsTests.debug.xcconfig */,
				2F6ACFF8ECC5F2B18C8A3BBB /* Pods-Multilingual NewsTests.release.xcconfig */,
			);
			path = Pods;
			sourceTree = "<group>";
		};
		7067403D1A8A998E9E28D12E /* Frameworks */ = {
			isa = PBXGroup;
			children = (
				9FE44B37263A8D5000EDDAED /* StoreKit.framework */,
				CC4D4A9F14D6C4517601BFE7 /* Pods_Multilingual_News.framework */,
				AAAF4103E853C5AE9A059150 /* Pods_Multilingual_NewsTests.framework */,
			);
			name = Frameworks;
			sourceTree = "<group>";
		};
		9F1EA710261C584A00515363 /* Asset */ = {
			isa = PBXGroup;
			children = (
				9FD2406B260715C2003C2F2D /* Assets.xcassets */,
				9FD2406D260715C2003C2F2D /* LaunchScreen.storyboard */,
				9FD24068260715C1003C2F2D /* Main.storyboard */,
			);
			path = Asset;
			sourceTree = "<group>";
		};
		9F1EA711261C585C00515363 /* Resource */ = {
			isa = PBXGroup;
			children = (
				9F1EA710261C584A00515363 /* Asset */,
				9FCAD8C1261315F700F4965C /* RedHatDisplay-Bold.ttf */,
				9FCAD8BF261315F700F4965C /* RedHatDisplay-Medium.ttf */,
				9FCAD8C0261315F700F4965C /* RedHatDisplay-Regular.ttf */,
				9FD24070260715C2003C2F2D /* Info.plist */,
			);
			path = Resource;
			sourceTree = "<group>";
		};
		9F6092FF262EE28E008C34A9 /* Constants */ = {
			isa = PBXGroup;
			children = (
				9FA480982632B8CE006D9C3F /* Setting.swift */,
				9FC6E3162637C763001B8ECD /* API_KEY.swift */,
				9F0F7293263ACC1C0089B813 /* Constant.swift */,
			);
			path = Constants;
			sourceTree = "<group>";
		};
		9F73DF57263960FF005CE82A /* UIKit */ = {
			isa = PBXGroup;
			children = (
				9FC0A3D426391F96006F36F6 /* UIView-Extensions.swift */,
				9F73DF34263940E4005CE82A /* UIColor-Extensions.swift */,
				9F73DF39263941FE005CE82A /* UIFont-Extensions.swift */,
				9F0F72B8263AEF630089B813 /* UILabel-Extensions.swift */,
			);
			path = UIKit;
			sourceTree = "<group>";
		};
		9F73DF5B26396129005CE82A /* SwiftStandardLibrary */ = {
			isa = PBXGroup;
			children = (
				9F3B22A22608C71F00A930FD /* String-Extensions.swift */,
			);
			path = SwiftStandardLibrary;
			sourceTree = "<group>";
		};
		9F73DF622639614E005CE82A /* Realm */ = {
			isa = PBXGroup;
			children = (
				9FC6E3362637E152001B8ECD /* RealmLanguage-Extensions.swift */,
			);
			path = Realm;
			sourceTree = "<group>";
		};
		9F73DF66263961EB005CE82A /* MainVC */ = {
			isa = PBXGroup;
			children = (
				9FD24066260715C1003C2F2D /* MainViewController.swift */,
				9FD2409226073404003C2F2D /* TabsPageViewController.swift */,
			);
			path = MainVC;
			sourceTree = "<group>";
		};
		9F7732612631483800E44B71 /* Multilingual NewsTests */ = {
			isa = PBXGroup;
			children = (
				9F7732622631483800E44B71 /* Multilingual_NewsTests.swift */,
				9F7732F12631B90800E44B71 /* RealmManagerTests.swift */,
				9F7732642631483800E44B71 /* Info.plist */,
			);
			path = "Multilingual NewsTests";
			sourceTree = "<group>";
		};
		9F7732712631484900E44B71 /* Multilingual NewsUITests */ = {
			isa = PBXGroup;
			children = (
				9F7732722631484900E44B71 /* Multilingual_NewsUITests.swift */,
				9F7732742631484900E44B71 /* Info.plist */,
			);
			path = "Multilingual NewsUITests";
			sourceTree = "<group>";
		};
		9F7732902631509700E44B71 /* NewsVC */ = {
			isa = PBXGroup;
			children = (
				9FD240952607343B003C2F2D /* FirstNewsViewController.swift */,
				9FD2409826073448003C2F2D /* SecondNewsViewController.swift */,
				9FD2409B26073453003C2F2D /* ThirdNewsViewController.swift */,
				9FD2409E26073462003C2F2D /* FourthNewsViewController.swift */,
			);
			path = NewsVC;
			sourceTree = "<group>";
		};
		9F773294263150B200E44B71 /* TabView */ = {
			isa = PBXGroup;
			children = (
				9FD2408C26073221003C2F2D /* TabsView.swift */,
				9FD2408F26073246003C2F2D /* TabCell.swift */,
				9FD240B126075E29003C2F2D /* ArticleTableViewCell.swift */,
			);
			path = TabView;
			sourceTree = "<group>";
		};
		9F773298263150BB00E44B71 /* HeaderView */ = {
			isa = PBXGroup;
			children = (
				9FD2408726072F22003C2F2D /* MainHeaderView.swift */,
			);
			path = HeaderView;
			sourceTree = "<group>";
		};
		9F77329C263150C400E44B71 /* SettingView */ = {
			isa = PBXGroup;
			children = (
				9F3B228626089D0700A930FD /* SettingsViewTableCell.swift */,
			);
			path = SettingView;
			sourceTree = "<group>";
		};
		9F7732BC2631A5A200E44B71 /* Source */ = {
			isa = PBXGroup;
			children = (
				9F7732C02631A62000E44B71 /* Common */,
				9FD240A12607432D003C2F2D /* View Model */,
				9FD2407F2607182B003C2F2D /* View */,
				9FD2407E26071826003C2F2D /* Model */,
				9FD2408026071833003C2F2D /* Controller */,
			);
			path = Source;
			sourceTree = "<group>";
		};
		9F7732C02631A62000E44B71 /* Common */ = {
			isa = PBXGroup;
			children = (
				9F6092FF262EE28E008C34A9 /* Constants */,
				9F9E4300260C64B000E16C34 /* Manager */,
				9FD240A226074334003C2F2D /* Extensions */,
			);
			path = Common;
			sourceTree = "<group>";
		};
		9F7732D22631AD4D00E44B71 /* Database */ = {
			isa = PBXGroup;
			children = (
				9F7732CC2631A98300E44B71 /* RealmLanguage.swift */,
			);
			path = Database;
			sourceTree = "<group>";
		};
		9F9E4300260C64B000E16C34 /* Manager */ = {
			isa = PBXGroup;
			children = (
				9F9E4302260C64C900E16C34 /* RefreshManager.swift */,
				9FA77FCD261203AF002566A1 /* APIManager.swift */,
				9FE8B4342632FBC900DC87A8 /* RealmManager.swift */,
				9FE44B32263A89DC00EDDAED /* IAPHandler.swift */,
			);
			path = Manager;
			sourceTree = "<group>";
		};
		9FC0A3FC26393D02006F36F6 /* MainView */ = {
			isa = PBXGroup;
			children = (
				9F773298263150BB00E44B71 /* HeaderView */,
				9F773294263150B200E44B71 /* TabView */,
			);
			path = MainView;
			sourceTree = "<group>";
		};
		9FD24056260715C1003C2F2D = {
			isa = PBXGroup;
			children = (
				9F83D4FE261DA4B7003FCDC3 /* .swiftlint.yml */,
				9FD24061260715C1003C2F2D /* Multilingual News */,
				9F7732612631483800E44B71 /* Multilingual NewsTests */,
				9F7732712631484900E44B71 /* Multilingual NewsUITests */,
				9FD24060260715C1003C2F2D /* Products */,
				40ACE52E735C667236607C34 /* Pods */,
				7067403D1A8A998E9E28D12E /* Frameworks */,
			);
			sourceTree = "<group>";
		};
		9FD24060260715C1003C2F2D /* Products */ = {
			isa = PBXGroup;
			children = (
				9FD2405F260715C1003C2F2D /* Multilingual News.app */,
				9F7732602631483800E44B71 /* Multilingual NewsTests.xctest */,
				9F7732702631484900E44B71 /* Multilingual NewsUITests.xctest */,
			);
			name = Products;
			sourceTree = "<group>";
		};
		9FD24061260715C1003C2F2D /* Multilingual News */ = {
			isa = PBXGroup;
			children = (
				9FD24062260715C1003C2F2D /* AppDelegate.swift */,
				9FD24064260715C1003C2F2D /* SceneDelegate.swift */,
				9F7732BC2631A5A200E44B71 /* Source */,
				9F1EA711261C585C00515363 /* Resource */,
			);
			path = "Multilingual News";
			sourceTree = "<group>";
		};
		9FD2407E26071826003C2F2D /* Model */ = {
			isa = PBXGroup;
			children = (
				9FE44B4C263A98C600EDDAED /* IAPHandlerAlertType.swift */,
				9FD240AB26075C53003C2F2D /* Article.swift */,
				9F3B22AD2608FA8400A930FD /* Tab.swift */,
				9F7732DE2631AD8700E44B71 /* Language.swift */,
				9F7732D22631AD4D00E44B71 /* Database */,
			);
			path = Model;
			sourceTree = "<group>";
		};
		9FD2407F2607182B003C2F2D /* View */ = {
			isa = PBXGroup;
			children = (
				9FE92041263A5EA400736E74 /* DonateView */,
				9FC0A3FC26393D02006F36F6 /* MainView */,
				9F77329C263150C400E44B71 /* SettingView */,
			);
			path = View;
			sourceTree = "<group>";
		};
		9FD2408026071833003C2F2D /* Controller */ = {
			isa = PBXGroup;
			children = (
				9F8F1B28263A9F8D00F2AE01 /* MainTabBarController.swift */,
				9FE92040263A5E8200736E74 /* SettingVC */,
				9F7732902631509700E44B71 /* NewsVC */,
				9F73DF66263961EB005CE82A /* MainVC */,
				9FE9200A263A59F800736E74 /* DonateVC */,
			);
			path = Controller;
			sourceTree = "<group>";
		};
		9FD240A12607432D003C2F2D /* View Model */ = {
			isa = PBXGroup;
			children = (
				9FD240AE26075D33003C2F2D /* ArticleViewModel.swift */,
				9F59359026A9F2B3001E9566 /* TabViewModel.swift */,
			);
			path = "View Model";
			sourceTree = "<group>";
		};
		9FD240A226074334003C2F2D /* Extensions */ = {
			isa = PBXGroup;
			children = (
				9FE91FB926397B1B00736E74 /* Reusable */,
				9FE91F832639645300736E74 /* Rx */,
				9F73DF5B26396129005CE82A /* SwiftStandardLibrary */,
				9F73DF622639614E005CE82A /* Realm */,
				9F73DF57263960FF005CE82A /* UIKit */,
			);
			path = Extensions;
			sourceTree = "<group>";
		};
		9FE91F832639645300736E74 /* Rx */ = {
			isa = PBXGroup;
			children = (
				9FD240A726075C0A003C2F2D /* URLRequest-Extensions.swift */,
			);
			path = Rx;
			sourceTree = "<group>";
		};
		9FE91FB926397B1B00736E74 /* Reusable */ = {
			isa = PBXGroup;
			children = (
				9FE91FBA26397B3400736E74 /* Reusable.swift */,
				9FE91FBF26397BB200736E74 /* UITableView+Reusable.swift */,
				9FE91FC7263981F900736E74 /* UICollectionView+Reusable.swift */,
			);
			path = Reusable;
			sourceTree = "<group>";
		};
		9FE9200A263A59F800736E74 /* DonateVC */ = {
			isa = PBXGroup;
			children = (
				9FE92005263A59F400736E74 /* DonateViewController.swift */,
			);
			path = DonateVC;
			sourceTree = "<group>";
		};
		9FE92040263A5E8200736E74 /* SettingVC */ = {
			isa = PBXGroup;
			children = (
				9F3B2283260898F100A930FD /* SettingViewController.swift */,
			);
			path = SettingVC;
			sourceTree = "<group>";
		};
		9FE92041263A5EA400736E74 /* DonateView */ = {
			isa = PBXGroup;
			children = (
				9FE92059263A626B00736E74 /* DonateTableView.swift */,
				9FE9205E263A629200736E74 /* DonateHeaderView.swift */,
			);
			path = DonateView;
			sourceTree = "<group>";
		};
/* End PBXGroup section */

/* Begin PBXNativeTarget section */
		9F77325F2631483800E44B71 /* Multilingual NewsTests */ = {
			isa = PBXNativeTarget;
			buildConfigurationList = 9F7732692631483800E44B71 /* Build configuration list for PBXNativeTarget "Multilingual NewsTests" */;
			buildPhases = (
				4475F98923FE0A3C1C229929 /* [CP] Check Pods Manifest.lock */,
				9F77325C2631483800E44B71 /* Sources */,
				9F77325D2631483800E44B71 /* Frameworks */,
				9F77325E2631483800E44B71 /* Resources */,
				380CA5568E77A74552A7E682 /* [CP] Embed Pods Frameworks */,
			);
			buildRules = (
			);
			dependencies = (
				9F7732662631483800E44B71 /* PBXTargetDependency */,
			);
			name = "Multilingual NewsTests";
			productName = "Multilingual NewsTests";
			productReference = 9F7732602631483800E44B71 /* Multilingual NewsTests.xctest */;
			productType = "com.apple.product-type.bundle.unit-test";
		};
		9F77326F2631484900E44B71 /* Multilingual NewsUITests */ = {
			isa = PBXNativeTarget;
			buildConfigurationList = 9F7732772631484900E44B71 /* Build configuration list for PBXNativeTarget "Multilingual NewsUITests" */;
			buildPhases = (
				9F77326C2631484900E44B71 /* Sources */,
				9F77326D2631484900E44B71 /* Frameworks */,
				9F77326E2631484900E44B71 /* Resources */,
			);
			buildRules = (
			);
			dependencies = (
				9F7732762631484900E44B71 /* PBXTargetDependency */,
			);
			name = "Multilingual NewsUITests";
			productName = "Multilingual NewsUITests";
			productReference = 9F7732702631484900E44B71 /* Multilingual NewsUITests.xctest */;
			productType = "com.apple.product-type.bundle.ui-testing";
		};
		9FD2405E260715C1003C2F2D /* Multilingual News */ = {
			isa = PBXNativeTarget;
			buildConfigurationList = 9FD24073260715C2003C2F2D /* Build configuration list for PBXNativeTarget "Multilingual News" */;
			buildPhases = (
				E10515FE380067EB88848329 /* [CP] Check Pods Manifest.lock */,
				9F83D4C8261D9738003FCDC3 /* ShellScript */,
				9FD2405B260715C1003C2F2D /* Sources */,
				9FD2405C260715C1003C2F2D /* Frameworks */,
				9FD2405D260715C1003C2F2D /* Resources */,
				CF933719AD55EA16AF040138 /* [CP] Embed Pods Frameworks */,
			);
			buildRules = (
			);
			dependencies = (
			);
			name = "Multilingual News";
			productName = "one-article";
			productReference = 9FD2405F260715C1003C2F2D /* Multilingual News.app */;
			productType = "com.apple.product-type.application";
		};
/* End PBXNativeTarget section */

/* Begin PBXProject section */
		9FD24057260715C1003C2F2D /* Project object */ = {
			isa = PBXProject;
			attributes = {
				LastSwiftUpdateCheck = 1240;
				LastUpgradeCheck = 1240;
				TargetAttributes = {
					9F77325F2631483800E44B71 = {
						CreatedOnToolsVersion = 12.4;
						TestTargetID = 9FD2405E260715C1003C2F2D;
					};
					9F77326F2631484900E44B71 = {
						CreatedOnToolsVersion = 12.4;
						TestTargetID = 9FD2405E260715C1003C2F2D;
					};
					9FD2405E260715C1003C2F2D = {
						CreatedOnToolsVersion = 12.4;
					};
				};
			};
			buildConfigurationList = 9FD2405A260715C1003C2F2D /* Build configuration list for PBXProject "Multilingual News" */;
			compatibilityVersion = "Xcode 9.3";
			developmentRegion = en;
			hasScannedForEncodings = 0;
			knownRegions = (
				en,
				Base,
			);
			mainGroup = 9FD24056260715C1003C2F2D;
			productRefGroup = 9FD24060260715C1003C2F2D /* Products */;
			projectDirPath = "";
			projectRoot = "";
			targets = (
				9FD2405E260715C1003C2F2D /* Multilingual News */,
				9F77325F2631483800E44B71 /* Multilingual NewsTests */,
				9F77326F2631484900E44B71 /* Multilingual NewsUITests */,
			);
		};
/* End PBXProject section */

/* Begin PBXResourcesBuildPhase section */
		9F77325E2631483800E44B71 /* Resources */ = {
			isa = PBXResourcesBuildPhase;
			buildActionMask = 2147483647;
			files = (
			);
			runOnlyForDeploymentPostprocessing = 0;
		};
		9F77326E2631484900E44B71 /* Resources */ = {
			isa = PBXResourcesBuildPhase;
			buildActionMask = 2147483647;
			files = (
			);
			runOnlyForDeploymentPostprocessing = 0;
		};
		9FD2405D260715C1003C2F2D /* Resources */ = {
			isa = PBXResourcesBuildPhase;
			buildActionMask = 2147483647;
			files = (
				9FD2406F260715C2003C2F2D /* LaunchScreen.storyboard in Resources */,
				9FD2406C260715C2003C2F2D /* Assets.xcassets in Resources */,
				9FD2406A260715C1003C2F2D /* Main.storyboard in Resources */,
				9F83D4FF261DA4B7003FCDC3 /* .swiftlint.yml in Resources */,
				9FCAD8C3261315F700F4965C /* RedHatDisplay-Regular.ttf in Resources */,
				9FCAD8C2261315F700F4965C /* RedHatDisplay-Medium.ttf in Resources */,
				9FCAD8C4261315F700F4965C /* RedHatDisplay-Bold.ttf in Resources */,
			);
			runOnlyForDeploymentPostprocessing = 0;
		};
/* End PBXResourcesBuildPhase section */

/* Begin PBXShellScriptBuildPhase section */
		380CA5568E77A74552A7E682 /* [CP] Embed Pods Frameworks */ = {
			isa = PBXShellScriptBuildPhase;
			buildActionMask = 2147483647;
			files = (
			);
			inputFileListPaths = (
				"${PODS_ROOT}/Target Support Files/Pods-Multilingual NewsTests/Pods-Multilingual NewsTests-frameworks-${CONFIGURATION}-input-files.xcfilelist",
			);
			name = "[CP] Embed Pods Frameworks";
			outputFileListPaths = (
				"${PODS_ROOT}/Target Support Files/Pods-Multilingual NewsTests/Pods-Multilingual NewsTests-frameworks-${CONFIGURATION}-output-files.xcfilelist",
			);
			runOnlyForDeploymentPostprocessing = 0;
			shellPath = /bin/sh;
			shellScript = "\"${PODS_ROOT}/Target Support Files/Pods-Multilingual NewsTests/Pods-Multilingual NewsTests-frameworks.sh\"\n";
			showEnvVarsInLog = 0;
		};
		4475F98923FE0A3C1C229929 /* [CP] Check Pods Manifest.lock */ = {
			isa = PBXShellScriptBuildPhase;
			buildActionMask = 2147483647;
			files = (
			);
			inputFileListPaths = (
			);
			inputPaths = (
				"${PODS_PODFILE_DIR_PATH}/Podfile.lock",
				"${PODS_ROOT}/Manifest.lock",
			);
			name = "[CP] Check Pods Manifest.lock";
			outputFileListPaths = (
			);
			outputPaths = (
				"$(DERIVED_FILE_DIR)/Pods-Multilingual NewsTests-checkManifestLockResult.txt",
			);
			runOnlyForDeploymentPostprocessing = 0;
			shellPath = /bin/sh;
			shellScript = "diff \"${PODS_PODFILE_DIR_PATH}/Podfile.lock\" \"${PODS_ROOT}/Manifest.lock\" > /dev/null\nif [ $? != 0 ] ; then\n    # print error to STDERR\n    echo \"error: The sandbox is not in sync with the Podfile.lock. Run 'pod install' or update your CocoaPods installation.\" >&2\n    exit 1\nfi\n# This output is used by Xcode 'outputs' to avoid re-running this script phase.\necho \"SUCCESS\" > \"${SCRIPT_OUTPUT_FILE_0}\"\n";
			showEnvVarsInLog = 0;
		};
		9F83D4C8261D9738003FCDC3 /* ShellScript */ = {
			isa = PBXShellScriptBuildPhase;
			buildActionMask = 12;
			files = (
			);
			inputFileListPaths = (
			);
			inputPaths = (
			);
			outputFileListPaths = (
			);
			outputPaths = (
			);
			runOnlyForDeploymentPostprocessing = 0;
			shellPath = /bin/sh;
			shellScript = "${PODS_ROOT}/SwiftLint/swiftlint autocorrect\n";
		};
		CF933719AD55EA16AF040138 /* [CP] Embed Pods Frameworks */ = {
			isa = PBXShellScriptBuildPhase;
			buildActionMask = 2147483647;
			files = (
			);
			inputFileListPaths = (
				"${PODS_ROOT}/Target Support Files/Pods-Multilingual News/Pods-Multilingual News-frameworks-${CONFIGURATION}-input-files.xcfilelist",
			);
			name = "[CP] Embed Pods Frameworks";
			outputFileListPaths = (
				"${PODS_ROOT}/Target Support Files/Pods-Multilingual News/Pods-Multilingual News-frameworks-${CONFIGURATION}-output-files.xcfilelist",
			);
			runOnlyForDeploymentPostprocessing = 0;
			shellPath = /bin/sh;
			shellScript = "\"${PODS_ROOT}/Target Support Files/Pods-Multilingual News/Pods-Multilingual News-frameworks.sh\"\n";
			showEnvVarsInLog = 0;
		};
		E10515FE380067EB88848329 /* [CP] Check Pods Manifest.lock */ = {
			isa = PBXShellScriptBuildPhase;
			buildActionMask = 2147483647;
			files = (
			);
			inputFileListPaths = (
			);
			inputPaths = (
				"${PODS_PODFILE_DIR_PATH}/Podfile.lock",
				"${PODS_ROOT}/Manifest.lock",
			);
			name = "[CP] Check Pods Manifest.lock";
			outputFileListPaths = (
			);
			outputPaths = (
				"$(DERIVED_FILE_DIR)/Pods-Multilingual News-checkManifestLockResult.txt",
			);
			runOnlyForDeploymentPostprocessing = 0;
			shellPath = /bin/sh;
			shellScript = "diff \"${PODS_PODFILE_DIR_PATH}/Podfile.lock\" \"${PODS_ROOT}/Manifest.lock\" > /dev/null\nif [ $? != 0 ] ; then\n    # print error to STDERR\n    echo \"error: The sandbox is not in sync with the Podfile.lock. Run 'pod install' or update your CocoaPods installation.\" >&2\n    exit 1\nfi\n# This output is used by Xcode 'outputs' to avoid re-running this script phase.\necho \"SUCCESS\" > \"${SCRIPT_OUTPUT_FILE_0}\"\n";
			showEnvVarsInLog = 0;
		};
/* End PBXShellScriptBuildPhase section */

/* Begin PBXSourcesBuildPhase section */
		9F77325C2631483800E44B71 /* Sources */ = {
			isa = PBXSourcesBuildPhase;
			buildActionMask = 2147483647;
			files = (
				9F7732632631483800E44B71 /* Multilingual_NewsTests.swift in Sources */,
				9F7732F22631B90800E44B71 /* RealmManagerTests.swift in Sources */,
			);
			runOnlyForDeploymentPostprocessing = 0;
		};
		9F77326C2631484900E44B71 /* Sources */ = {
			isa = PBXSourcesBuildPhase;
			buildActionMask = 2147483647;
			files = (
				9F7732732631484900E44B71 /* Multilingual_NewsUITests.swift in Sources */,
			);
			runOnlyForDeploymentPostprocessing = 0;
		};
		9FD2405B260715C1003C2F2D /* Sources */ = {
			isa = PBXSourcesBuildPhase;
			buildActionMask = 2147483647;
			files = (
				9FA77FCE261203AF002566A1 /* APIManager.swift in Sources */,
				9FE92006263A59F400736E74 /* DonateViewController.swift in Sources */,
				9FE91FBB26397B3400736E74 /* Reusable.swift in Sources */,
				9FE9205A263A626B00736E74 /* DonateTableView.swift in Sources */,
				9FD240AC26075C53003C2F2D /* Article.swift in Sources */,
				9F7732CD2631A98300E44B71 /* RealmLanguage.swift in Sources */,
				9FC6E3372637E152001B8ECD /* RealmLanguage-Extensions.swift in Sources */,
				9FD240962607343B003C2F2D /* FirstNewsViewController.swift in Sources */,
				9FE9205F263A629200736E74 /* DonateHeaderView.swift in Sources */,
				9FD240A826075C0A003C2F2D /* URLRequest-Extensions.swift in Sources */,
				9F3B228726089D0700A930FD /* SettingsViewTableCell.swift in Sources */,
				9F3B2284260898F100A930FD /* SettingViewController.swift in Sources */,
				9FD2409926073448003C2F2D /* SecondNewsViewController.swift in Sources */,
				9FE44B33263A89DC00EDDAED /* IAPHandler.swift in Sources */,
				9FD2409C26073453003C2F2D /* ThirdNewsViewController.swift in Sources */,
				9FC0A3D526391F96006F36F6 /* UIView-Extensions.swift in Sources */,
				9F3B22AE2608FA8400A930FD /* Tab.swift in Sources */,
				9F0F72B9263AEF630089B813 /* UILabel-Extensions.swift in Sources */,
				9FD240AF26075D33003C2F2D /* ArticleViewModel.swift in Sources */,
				9FD24067260715C1003C2F2D /* MainViewController.swift in Sources */,
				9F73DF3A263941FE005CE82A /* UIFont-Extensions.swift in Sources */,
				9FD2408826072F22003C2F2D /* MainHeaderView.swift in Sources */,
				9F3B22A32608C71F00A930FD /* String-Extensions.swift in Sources */,
				9FC6E3172637C763001B8ECD /* API_KEY.swift in Sources */,
				9FD24063260715C1003C2F2D /* AppDelegate.swift in Sources */,
				9FE44B4D263A98C600EDDAED /* IAPHandlerAlertType.swift in Sources */,
				9FE91FC026397BB200736E74 /* UITableView+Reusable.swift in Sources */,
				9F73DF35263940E4005CE82A /* UIColor-Extensions.swift in Sources */,
				9F0F7294263ACC1C0089B813 /* Constant.swift in Sources */,
				9FD2409326073404003C2F2D /* TabsPageViewController.swift in Sources */,
				9FA480992632B8CE006D9C3F /* Setting.swift in Sources */,
				9FE91FC8263981F900736E74 /* UICollectionView+Reusable.swift in Sources */,
				9F7732DF2631AD8700E44B71 /* Language.swift in Sources */,
				9FD240B226075E29003C2F2D /* ArticleTableViewCell.swift in Sources */,
				9F8F1B29263A9F8D00F2AE01 /* MainTabBarController.swift in Sources */,
				9FD24065260715C1003C2F2D /* SceneDelegate.swift in Sources */,
				9FE8B4352632FBC900DC87A8 /* RealmManager.swift in Sources */,
				9FD2408D26073221003C2F2D /* TabsView.swift in Sources */,
				9F9E4303260C64C900E16C34 /* RefreshManager.swift in Sources */,
				9FD2409026073246003C2F2D /* TabCell.swift in Sources */,
				9F59359126A9F2B3001E9566 /* TabViewModel.swift in Sources */,
				9FD2409F26073462003C2F2D /* FourthNewsViewController.swift in Sources */,
			);
			runOnlyForDeploymentPostprocessing = 0;
		};
/* End PBXSourcesBuildPhase section */

/* Begin PBXTargetDependency section */
		9F7732662631483800E44B71 /* PBXTargetDependency */ = {
			isa = PBXTargetDependency;
			target = 9FD2405E260715C1003C2F2D /* Multilingual News */;
			targetProxy = 9F7732652631483800E44B71 /* PBXContainerItemProxy */;
		};
		9F7732762631484900E44B71 /* PBXTargetDependency */ = {
			isa = PBXTargetDependency;
			target = 9FD2405E260715C1003C2F2D /* Multilingual News */;
			targetProxy = 9F7732752631484900E44B71 /* PBXContainerItemProxy */;
		};
/* End PBXTargetDependency section */

/* Begin PBXVariantGroup section */
		9FD24068260715C1003C2F2D /* Main.storyboard */ = {
			isa = PBXVariantGroup;
			children = (
				9FD24069260715C1003C2F2D /* Base */,
			);
			name = Main.storyboard;
			sourceTree = "<group>";
		};
		9FD2406D260715C2003C2F2D /* LaunchScreen.storyboard */ = {
			isa = PBXVariantGroup;
			children = (
				9FD2406E260715C2003C2F2D /* Base */,
			);
			name = LaunchScreen.storyboard;
			sourceTree = "<group>";
		};
/* End PBXVariantGroup section */

/* Begin XCBuildConfiguration section */
		9F7732672631483800E44B71 /* Debug */ = {
			isa = XCBuildConfiguration;
			baseConfigurationReference = A92475372859044295F0B619 /* Pods-Multilingual NewsTests.debug.xcconfig */;
			buildSettings = {
				BUNDLE_LOADER = "$(TEST_HOST)";
				CODE_SIGN_STYLE = Automatic;
				DEVELOPMENT_TEAM = 4L2695C228;
				INFOPLIST_FILE = "Multilingual NewsTests/Info.plist";
				IPHONEOS_DEPLOYMENT_TARGET = 14.4;
				LD_RUNPATH_SEARCH_PATHS = (
					"$(inherited)",
					"@executable_path/Frameworks",
					"@loader_path/Frameworks",
				);
				PRODUCT_BUNDLE_IDENTIFIER = "com.tedhyeong.Multilingual-NewsTests";
				PRODUCT_NAME = "$(TARGET_NAME)";
				SWIFT_VERSION = 5.0;
				TARGETED_DEVICE_FAMILY = "1,2";
				TEST_HOST = "$(BUILT_PRODUCTS_DIR)/Multilingual News.app/Multilingual News";
			};
			name = Debug;
		};
		9F7732682631483800E44B71 /* Release */ = {
			isa = XCBuildConfiguration;
			baseConfigurationReference = 2F6ACFF8ECC5F2B18C8A3BBB /* Pods-Multilingual NewsTests.release.xcconfig */;
			buildSettings = {
				BUNDLE_LOADER = "$(TEST_HOST)";
				CODE_SIGN_STYLE = Automatic;
				DEVELOPMENT_TEAM = 4L2695C228;
				INFOPLIST_FILE = "Multilingual NewsTests/Info.plist";
				IPHONEOS_DEPLOYMENT_TARGET = 14.4;
				LD_RUNPATH_SEARCH_PATHS = (
					"$(inherited)",
					"@executable_path/Frameworks",
					"@loader_path/Frameworks",
				);
				PRODUCT_BUNDLE_IDENTIFIER = "com.tedhyeong.Multilingual-NewsTests";
				PRODUCT_NAME = "$(TARGET_NAME)";
				SWIFT_VERSION = 5.0;
				TARGETED_DEVICE_FAMILY = "1,2";
				TEST_HOST = "$(BUILT_PRODUCTS_DIR)/Multilingual News.app/Multilingual News";
			};
			name = Release;
		};
		9F7732782631484900E44B71 /* Debug */ = {
			isa = XCBuildConfiguration;
			buildSettings = {
				CODE_SIGN_STYLE = Automatic;
				DEVELOPMENT_TEAM = 4L2695C228;
				INFOPLIST_FILE = "Multilingual NewsUITests/Info.plist";
				IPHONEOS_DEPLOYMENT_TARGET = 14.4;
				LD_RUNPATH_SEARCH_PATHS = (
					"$(inherited)",
					"@executable_path/Frameworks",
					"@loader_path/Frameworks",
				);
				PRODUCT_BUNDLE_IDENTIFIER = "com.tedhyeong.Multilingual-NewsUITests";
				PRODUCT_NAME = "$(TARGET_NAME)";
				SWIFT_VERSION = 5.0;
				TARGETED_DEVICE_FAMILY = "1,2";
				TEST_TARGET_NAME = "Multilingual News";
			};
			name = Debug;
		};
		9F7732792631484900E44B71 /* Release */ = {
			isa = XCBuildConfiguration;
			buildSettings = {
				CODE_SIGN_STYLE = Automatic;
				DEVELOPMENT_TEAM = 4L2695C228;
				INFOPLIST_FILE = "Multilingual NewsUITests/Info.plist";
				IPHONEOS_DEPLOYMENT_TARGET = 14.4;
				LD_RUNPATH_SEARCH_PATHS = (
					"$(inherited)",
					"@executable_path/Frameworks",
					"@loader_path/Frameworks",
				);
				PRODUCT_BUNDLE_IDENTIFIER = "com.tedhyeong.Multilingual-NewsUITests";
				PRODUCT_NAME = "$(TARGET_NAME)";
				SWIFT_VERSION = 5.0;
				TARGETED_DEVICE_FAMILY = "1,2";
				TEST_TARGET_NAME = "Multilingual News";
			};
			name = Release;
		};
		9FD24071260715C2003C2F2D /* Debug */ = {
			isa = XCBuildConfiguration;
			buildSettings = {
				ALWAYS_SEARCH_USER_PATHS = NO;
				CLANG_ANALYZER_NONNULL = YES;
				CLANG_ANALYZER_NUMBER_OBJECT_CONVERSION = YES_AGGRESSIVE;
				CLANG_CXX_LANGUAGE_STANDARD = "gnu++14";
				CLANG_CXX_LIBRARY = "libc++";
				CLANG_ENABLE_MODULES = YES;
				CLANG_ENABLE_OBJC_ARC = YES;
				CLANG_ENABLE_OBJC_WEAK = YES;
				CLANG_WARN_BLOCK_CAPTURE_AUTORELEASING = YES;
				CLANG_WARN_BOOL_CONVERSION = YES;
				CLANG_WARN_COMMA = YES;
				CLANG_WARN_CONSTANT_CONVERSION = YES;
				CLANG_WARN_DEPRECATED_OBJC_IMPLEMENTATIONS = YES;
				CLANG_WARN_DIRECT_OBJC_ISA_USAGE = YES_ERROR;
				CLANG_WARN_DOCUMENTATION_COMMENTS = YES;
				CLANG_WARN_EMPTY_BODY = YES;
				CLANG_WARN_ENUM_CONVERSION = YES;
				CLANG_WARN_INFINITE_RECURSION = YES;
				CLANG_WARN_INT_CONVERSION = YES;
				CLANG_WARN_NON_LITERAL_NULL_CONVERSION = YES;
				CLANG_WARN_OBJC_IMPLICIT_RETAIN_SELF = YES;
				CLANG_WARN_OBJC_LITERAL_CONVERSION = YES;
				CLANG_WARN_OBJC_ROOT_CLASS = YES_ERROR;
				CLANG_WARN_QUOTED_INCLUDE_IN_FRAMEWORK_HEADER = YES;
				CLANG_WARN_RANGE_LOOP_ANALYSIS = YES;
				CLANG_WARN_STRICT_PROTOTYPES = YES;
				CLANG_WARN_SUSPICIOUS_MOVE = YES;
				CLANG_WARN_UNGUARDED_AVAILABILITY = YES_AGGRESSIVE;
				CLANG_WARN_UNREACHABLE_CODE = YES;
				CLANG_WARN__DUPLICATE_METHOD_MATCH = YES;
				COPY_PHASE_STRIP = NO;
				DEBUG_INFORMATION_FORMAT = dwarf;
				ENABLE_STRICT_OBJC_MSGSEND = YES;
				ENABLE_TESTABILITY = YES;
				GCC_C_LANGUAGE_STANDARD = gnu11;
				GCC_DYNAMIC_NO_PIC = NO;
				GCC_NO_COMMON_BLOCKS = YES;
				GCC_OPTIMIZATION_LEVEL = 0;
				GCC_PREPROCESSOR_DEFINITIONS = (
					"DEBUG=1",
					"$(inherited)",
				);
				GCC_WARN_64_TO_32_BIT_CONVERSION = YES;
				GCC_WARN_ABOUT_RETURN_TYPE = YES_ERROR;
				GCC_WARN_UNDECLARED_SELECTOR = YES;
				GCC_WARN_UNINITIALIZED_AUTOS = YES_AGGRESSIVE;
				GCC_WARN_UNUSED_FUNCTION = YES;
				GCC_WARN_UNUSED_VARIABLE = YES;
				IPHONEOS_DEPLOYMENT_TARGET = 13.0;
				MTL_ENABLE_DEBUG_INFO = INCLUDE_SOURCE;
				MTL_FAST_MATH = YES;
				ONLY_ACTIVE_ARCH = YES;
				SDKROOT = iphoneos;
				SWIFT_ACTIVE_COMPILATION_CONDITIONS = DEBUG;
				SWIFT_OPTIMIZATION_LEVEL = "-Onone";
			};
			name = Debug;
		};
		9FD24072260715C2003C2F2D /* Release */ = {
			isa = XCBuildConfiguration;
			buildSettings = {
				ALWAYS_SEARCH_USER_PATHS = NO;
				CLANG_ANALYZER_NONNULL = YES;
				CLANG_ANALYZER_NUMBER_OBJECT_CONVERSION = YES_AGGRESSIVE;
				CLANG_CXX_LANGUAGE_STANDARD = "gnu++14";
				CLANG_CXX_LIBRARY = "libc++";
				CLANG_ENABLE_MODULES = YES;
				CLANG_ENABLE_OBJC_ARC = YES;
				CLANG_ENABLE_OBJC_WEAK = YES;
				CLANG_WARN_BLOCK_CAPTURE_AUTORELEASING = YES;
				CLANG_WARN_BOOL_CONVERSION = YES;
				CLANG_WARN_COMMA = YES;
				CLANG_WARN_CONSTANT_CONVERSION = YES;
				CLANG_WARN_DEPRECATED_OBJC_IMPLEMENTATIONS = YES;
				CLANG_WARN_DIRECT_OBJC_ISA_USAGE = YES_ERROR;
				CLANG_WARN_DOCUMENTATION_COMMENTS = YES;
				CLANG_WARN_EMPTY_BODY = YES;
				CLANG_WARN_ENUM_CONVERSION = YES;
				CLANG_WARN_INFINITE_RECURSION = YES;
				CLANG_WARN_INT_CONVERSION = YES;
				CLANG_WARN_NON_LITERAL_NULL_CONVERSION = YES;
				CLANG_WARN_OBJC_IMPLICIT_RETAIN_SELF = YES;
				CLANG_WARN_OBJC_LITERAL_CONVERSION = YES;
				CLANG_WARN_OBJC_ROOT_CLASS = YES_ERROR;
				CLANG_WARN_QUOTED_INCLUDE_IN_FRAMEWORK_HEADER = YES;
				CLANG_WARN_RANGE_LOOP_ANALYSIS = YES;
				CLANG_WARN_STRICT_PROTOTYPES = YES;
				CLANG_WARN_SUSPICIOUS_MOVE = YES;
				CLANG_WARN_UNGUARDED_AVAILABILITY = YES_AGGRESSIVE;
				CLANG_WARN_UNREACHABLE_CODE = YES;
				CLANG_WARN__DUPLICATE_METHOD_MATCH = YES;
				COPY_PHASE_STRIP = NO;
				DEBUG_INFORMATION_FORMAT = "dwarf-with-dsym";
				ENABLE_NS_ASSERTIONS = NO;
				ENABLE_STRICT_OBJC_MSGSEND = YES;
				GCC_C_LANGUAGE_STANDARD = gnu11;
				GCC_NO_COMMON_BLOCKS = YES;
				GCC_WARN_64_TO_32_BIT_CONVERSION = YES;
				GCC_WARN_ABOUT_RETURN_TYPE = YES_ERROR;
				GCC_WARN_UNDECLARED_SELECTOR = YES;
				GCC_WARN_UNINITIALIZED_AUTOS = YES_AGGRESSIVE;
				GCC_WARN_UNUSED_FUNCTION = YES;
				GCC_WARN_UNUSED_VARIABLE = YES;
				IPHONEOS_DEPLOYMENT_TARGET = 13.0;
				MTL_ENABLE_DEBUG_INFO = NO;
				MTL_FAST_MATH = YES;
				SDKROOT = iphoneos;
				SWIFT_COMPILATION_MODE = wholemodule;
				SWIFT_OPTIMIZATION_LEVEL = "-O";
				VALIDATE_PRODUCT = YES;
			};
			name = Release;
		};
		9FD24074260715C2003C2F2D /* Debug */ = {
			isa = XCBuildConfiguration;
			baseConfigurationReference = 485ED3C3699E506307A3DE1F /* Pods-Multilingual News.debug.xcconfig */;
			buildSettings = {
				ASSETCATALOG_COMPILER_APPICON_NAME = AppIcon;
				ASSETCATALOG_COMPILER_GLOBAL_ACCENT_COLOR_NAME = AccentColor;
				CODE_SIGN_STYLE = Automatic;
				CURRENT_PROJECT_VERSION = 1;
				DEVELOPMENT_TEAM = 4L2695C228;
				INFOPLIST_FILE = "$(SRCROOT)/Multilingual News/Resource/Info.plist";
				LD_RUNPATH_SEARCH_PATHS = (
					"$(inherited)",
					"@executable_path/Frameworks",
				);
				MARKETING_VERSION = 1.202;
				PRODUCT_BUNDLE_IDENTIFIER = "com.tedhyeong.multilingual-news";
				PRODUCT_NAME = "$(TARGET_NAME)";
				SWIFT_VERSION = 5.0;
				TARGETED_DEVICE_FAMILY = 1;
			};
			name = Debug;
		};
		9FD24075260715C2003C2F2D /* Release */ = {
			isa = XCBuildConfiguration;
			baseConfigurationReference = F3A5E4F1631E84B726A7EB5F /* Pods-Multilingual News.release.xcconfig */;
			buildSettings = {
				ASSETCATALOG_COMPILER_APPICON_NAME = AppIcon;
				ASSETCATALOG_COMPILER_GLOBAL_ACCENT_COLOR_NAME = AccentColor;
				CODE_SIGN_STYLE = Automatic;
				CURRENT_PROJECT_VERSION = 1;
				DEVELOPMENT_TEAM = 4L2695C228;
				INFOPLIST_FILE = "$(SRCROOT)/Multilingual News/Resource/Info.plist";
				LD_RUNPATH_SEARCH_PATHS = (
					"$(inherited)",
					"@executable_path/Frameworks",
				);
				MARKETING_VERSION = 1.202;
				PRODUCT_BUNDLE_IDENTIFIER = "com.tedhyeong.multilingual-news";
				PRODUCT_NAME = "$(TARGET_NAME)";
				SWIFT_VERSION = 5.0;
				TARGETED_DEVICE_FAMILY = 1;
			};
			name = Release;
		};
/* End XCBuildConfiguration section */

/* Begin XCConfigurationList section */
		9F7732692631483800E44B71 /* Build configuration list for PBXNativeTarget "Multilingual NewsTests" */ = {
			isa = XCConfigurationList;
			buildConfigurations = (
				9F7732672631483800E44B71 /* Debug */,
				9F7732682631483800E44B71 /* Release */,
			);
			defaultConfigurationIsVisible = 0;
			defaultConfigurationName = Release;
		};
		9F7732772631484900E44B71 /* Build configuration list for PBXNativeTarget "Multilingual NewsUITests" */ = {
			isa = XCConfigurationList;
			buildConfigurations = (
				9F7732782631484900E44B71 /* Debug */,
				9F7732792631484900E44B71 /* Release */,
			);
			defaultConfigurationIsVisible = 0;
			defaultConfigurationName = Release;
		};
		9FD2405A260715C1003C2F2D /* Build configuration list for PBXProject "Multilingual News" */ = {
			isa = XCConfigurationList;
			buildConfigurations = (
				9FD24071260715C2003C2F2D /* Debug */,
				9FD24072260715C2003C2F2D /* Release */,
			);
			defaultConfigurationIsVisible = 0;
			defaultConfigurationName = Release;
		};
		9FD24073260715C2003C2F2D /* Build configuration list for PBXNativeTarget "Multilingual News" */ = {
			isa = XCConfigurationList;
			buildConfigurations = (
				9FD24074260715C2003C2F2D /* Debug */,
				9FD24075260715C2003C2F2D /* Release */,
			);
			defaultConfigurationIsVisible = 0;
			defaultConfigurationName = Release;
		};
/* End XCConfigurationList section */
	};
	rootObject = 9FD24057260715C1003C2F2D /* Project object */;
}
